
Microsoft Visual Studio Solution File, Format Version 12.00
# Visual Studio Version 17
VisualStudioVersion = 17.4.33213.308
MinimumVisualStudioVersion = 10.0.40219.1
Project("{FAE04EC0-301F-11D3-BF4B-00C04F79EFBC}") = "UseCase4", "UseCase4\UseCase4.csproj", "{74BC9956-04CD-401C-BD44-69A178EEE676}"
EndProject
Global
	GlobalSection(SolutionConfigurationPlatforms) = preSolution
		Debug|Any CPU = Debug|Any CPU
		Release|Any CPU = Release|Any CPU
	EndGlobalSection
	GlobalSection(ProjectConfigurationPlatforms) = postSolution
		{74BC9956-04CD-401C-BD44-69A178EEE676}.Debug|Any CPU.ActiveCfg = Debug|Any CPU
		{74BC9956-04CD-401C-BD44-69A178EEE676}.Debug|Any CPU.Build.0 = Debug|Any CPU
		{74BC9956-04CD-401C-BD44-69A178EEE676}.Release|Any CPU.ActiveCfg = Release|Any CPU
		{74BC9956-04CD-401C-BD44-69A178EEE676}.Release|Any CPU.Build.0 = Release|Any CPU
	EndGlobalSection
	GlobalSection(SolutionProperties) = preSolution
		HideSolutionNode = FALSE
	EndGlobalSection
	GlobalSection(ExtensibilityGlobals) = postSolution
		SolutionGuid = {5B88FBB2-32F1-4020-A4AD-839F9A1DD140}
	EndGlobalSection
EndGlobal
